
Microsoft Visual Studio Solution File, Format Version 12.00
# Visual Studio Version 17
VisualStudioVersion = 17.7.34031.279
MinimumVisualStudioVersion = 10.0.40219.1
Project("{F184B08F-C81C-45F6-A57F-5ABD9991F28F}") = "9. Pythagoras Theorem", "9. Pythagoras Theorem\9. Pythagoras Theorem.vbproj", "{C870B663-E294-45A4-A47D-FA575562815F}"
EndProject
Global
	GlobalSection(SolutionConfigurationPlatforms) = preSolution
		Debug|Any CPU = Debug|Any CPU
		Release|Any CPU = Release|Any CPU
	EndGlobalSection
	GlobalSection(ProjectConfigurationPlatforms) = postSolution
		{C870B663-E294-45A4-A47D-FA575562815F}.Debug|Any CPU.ActiveCfg = Debug|Any CPU
		{C870B663-E294-45A4-A47D-FA575562815F}.Debug|Any CPU.Build.0 = Debug|Any CPU
		{C870B663-E294-45A4-A47D-FA575562815F}.Release|Any CPU.ActiveCfg = Release|Any CPU
		{C870B663-E294-45A4-A47D-FA575562815F}.Release|Any CPU.Build.0 = Release|Any CPU
	EndGlobalSection
	GlobalSection(SolutionProperties) = preSolution
		HideSolutionNode = FALSE
	EndGlobalSection
	GlobalSection(ExtensibilityGlobals) = postSolution
		SolutionGuid = {0D6D83D7-52F1-48A9-8E45-A23089814B5D}
	EndGlobalSection
EndGlobal
